{
  "object": {
    "pins": [
      {
        "package": "CCurl",
        "repositoryURL": "https://github.com/IBM-Swift/CCurl.git",
        "state": {
          "branch": null,
          "revision": "2a431e3a5fb8d004aa7d4d1bebb5d511f568c43e",
          "version": "1.0.0"
        }
      },
      {
        "package": "CircuitBreaker",
        "repositoryURL": "https://github.com/IBM-Swift/CircuitBreaker.git",
        "state": {
          "branch": null,
          "revision": "81581e3fb094ab4879aa2c5ce54201f1dbce0a7f",
          "version": "5.0.1"
        }
      },
      {
        "package": "CommonCrypto",
        "repositoryURL": "https://github.com/IBM-Swift/CommonCrypto.git",
        "state": {
          "branch": null,
          "revision": "9156d238dbc4c15455b77b45e721b2bb0b995e31",
          "version": "0.1.5"
        }
      },
      {
        "package": "Cryptor",
        "repositoryURL": "https://github.com/IBM-Swift/BlueCryptor.git",
        "state": {
          "branch": null,
          "revision": "de20ec9af166d779a08c16f05146f4b9124478d0",
          "version": "0.8.27"
        }
      },
      {
        "package": "CryptorRSA",
        "repositoryURL": "https://github.com/IBM-Swift/BlueRSA.git",
        "state": {
          "branch": null,
          "revision": "4b337f1bcd4adc00545d0dba07220d4a60e4ca6c",
          "version": "0.1.18"
        }
      },
      {
        "package": "Kitura",
        "repositoryURL": "https://github.com/IBM-Swift/Kitura.git",
        "state": {
          "branch": null,
          "revision": "3d42897fa83537b97592512a7a85af61e9ce53ea",
          "version": "2.2.0"
        }
      },
      {
        "package": "Kitura-Credentials",
        "repositoryURL": "https://github.com/IBM-Swift/Kitura-Credentials.git",
        "state": {
          "branch": null,
          "revision": "c394d86152efc490cb3a446882edca914c4abd77",
          "version": "2.1.0"
        }
      },
      {
        "package": "Kitura-Session",
        "repositoryURL": "https://github.com/IBM-Swift/Kitura-Session.git",
        "state": {
          "branch": null,
          "revision": "cd4d26cf8846f0d2306b0eb3b257c207d624a093",
          "version": "3.0.1"
        }
      },
      {
        "package": "Kitura-TemplateEngine",
        "repositoryURL": "https://github.com/IBM-Swift/Kitura-TemplateEngine.git",
        "state": {
          "branch": null,
          "revision": "d432d61cd9dfb66bc9741fec44434bbbcad676cd",
          "version": "1.7.3"
        }
      },
      {
        "package": "Kitura-net",
        "repositoryURL": "https://github.com/IBM-Swift/Kitura-net.git",
        "state": {
          "branch": null,
          "revision": "9b4221e7378f76e0c5e04acaf30cdee99594aed3",
          "version": "2.0.4"
        }
      },
      {
        "package": "KituraContracts",
        "repositoryURL": "https://github.com/IBM-Swift/KituraContracts.git",
        "state": {
          "branch": null,
          "revision": "6419b27f2532be45ca68a6cb877bd6e62b3ab50d",
          "version": "0.0.19"
        }
      },
      {
        "package": "LoggerAPI",
        "repositoryURL": "https://github.com/IBM-Swift/LoggerAPI.git",
        "state": {
          "branch": null,
          "revision": "ee0084cbb8bace59b3409cec05bedc5d2e97f8b7",
          "version": "1.7.2"
        }
      },
      {
        "package": "OpenSSL",
        "repositoryURL": "https://github.com/IBM-Swift/OpenSSL-OSX.git",
        "state": {
          "branch": null,
          "revision": "225028d603adc65f90fde0edc216c30e5f95b83e",
          "version": "0.4.4"
        }
      },
      {
        "package": "SSLService",
        "repositoryURL": "https://github.com/IBM-Swift/BlueSSLService.git",
        "state": {
          "branch": null,
          "revision": "3a87b64a97fb8e923f52f2a68e31e7bd4fc46b42",
          "version": "0.12.84"
        }
      },
      {
        "package": "SimpleLogger",
        "repositoryURL": "https://github.com/ibm-bluemix-mobile-services/bluemix-simple-logger-swift.git",
        "state": {
          "branch": null,
          "revision": "1638bc35f1b23ebcc3da41ab955a841d00bbedb5",
          "version": "0.5.0"
        }
      },
      {
        "package": "Socket",
        "repositoryURL": "https://github.com/IBM-Swift/BlueSocket.git",
        "state": {
          "branch": null,
          "revision": "26c8f4e4e3000421a0c97aaf0c7b5e9aa5475222",
          "version": "0.12.94"
        }
      },
      {
        "package": "Swift-JWT-to-PEM",
        "repositoryURL": "https://github.com/ibm-cloud-security/Swift-JWT-to-PEM.git",
        "state": {
          "branch": null,
          "revision": "dfa1a3570aac4d6952c301b2027a9e4ecd2f28d1",
          "version": "0.1.0"
        }
      },
      {
        "package": "SwiftyJSON",
        "repositoryURL": "https://github.com/IBM-Swift/SwiftyJSON.git",
        "state": {
          "branch": null,
          "revision": "7eb6c83f91c519c19e6a507d604c9176d5ae5b15",
          "version": "17.0.1"
        }
      },
      {
        "package": "SwiftyRequest",
        "repositoryURL": "https://github.com/IBM-Swift/SwiftyRequest.git",
        "state": {
          "branch": null,
          "revision": "82d49d1bde19c4acfc63c276b67c8a25ac434e52",
          "version": "1.1.2"
        }
      }
    ]
  },
  "version": 1
}
